
Microsoft Visual Studio Solution File, Format Version 12.00
# Visual Studio Version 17
VisualStudioVersion = 17.0.31912.275
MinimumVisualStudioVersion = 10.0.40219.1
Project("{2150E333-8FDC-42A3-9474-1A3956D46DE8}") = "Sever", "Sever", "{50C65272-2586-4E1D-8A98-97C1CAB92FC8}"
EndProject
Project("{2150E333-8FDC-42A3-9474-1A3956D46DE8}") = "Client", "Client", "{B2F74C85-EBA8-4068-B297-D0D20C2C8511}"
EndProject
Project("{9A19103F-16F7-4668-BE54-9A1E7A4F7556}") = "ChatApp.Domain", "Sever\ChatApp.Domain\ChatApp.Domain.csproj", "{EA7AC5B5-4672-42A5-8E06-711E94B91EE2}"
EndProject
Project("{9A19103F-16F7-4668-BE54-9A1E7A4F7556}") = "ChatApp.Application", "Sever\ChatApp.Application\ChatApp.Application.csproj", "{4925451D-21D2-4BDA-AF8B-95D255B1D03E}"
EndProject
Project("{9A19103F-16F7-4668-BE54-9A1E7A4F7556}") = "ChatApp.Infrastructure", "Sever\ChatApp.Infrastructure\ChatApp.Infrastructure.csproj", "{6D1226DA-A31B-4DF0-BC20-AE68CABF343F}"
EndProject
Project("{9A19103F-16F7-4668-BE54-9A1E7A4F7556}") = "ChatApp.Share", "Sever\ChatApp.Share\ChatApp.Share.csproj", "{67C9BE03-D271-4C84-B5D6-63419BFE6EE0}"
EndProject
Project("{9A19103F-16F7-4668-BE54-9A1E7A4F7556}") = "ChatApp.API", "Sever\ChatApp.API\ChatApp.API.csproj", "{F3834B5A-E877-4259-8B81-8D66D53A4A7A}"
EndProject
Project("{E53339B2-1760-4266-BCC7-CA923CBCF16C}") = "docker-compose", "docker-compose.dcproj", "{907F3785-5340-42A8-BCDF-75B5EA711BD6}"
EndProject
Project("{9A19103F-16F7-4668-BE54-9A1E7A4F7556}") = "ChatApp.Test", "Sever\ChatApp.Test\ChatApp.Test.csproj", "{BF24977E-856D-459F-B6ED-13152529C7C6}"
EndProject
Project("{9A19103F-16F7-4668-BE54-9A1E7A4F7556}") = "ChatApp.Client", "Client\ChatApp.Client\ChatApp.Client.csproj", "{4A4FEB49-D5A1-4325-9052-A08D3ECABF44}"
EndProject
Global
	GlobalSection(SolutionConfigurationPlatforms) = preSolution
		Debug|Any CPU = Debug|Any CPU
		Release|Any CPU = Release|Any CPU
	EndGlobalSection
	GlobalSection(ProjectConfigurationPlatforms) = postSolution
		{EA7AC5B5-4672-42A5-8E06-711E94B91EE2}.Debug|Any CPU.ActiveCfg = Debug|Any CPU
		{EA7AC5B5-4672-42A5-8E06-711E94B91EE2}.Debug|Any CPU.Build.0 = Debug|Any CPU
		{EA7AC5B5-4672-42A5-8E06-711E94B91EE2}.Release|Any CPU.ActiveCfg = Release|Any CPU
		{EA7AC5B5-4672-42A5-8E06-711E94B91EE2}.Release|Any CPU.Build.0 = Release|Any CPU
		{4925451D-21D2-4BDA-AF8B-95D255B1D03E}.Debug|Any CPU.ActiveCfg = Debug|Any CPU
		{4925451D-21D2-4BDA-AF8B-95D255B1D03E}.Debug|Any CPU.Build.0 = Debug|Any CPU
		{4925451D-21D2-4BDA-AF8B-95D255B1D03E}.Release|Any CPU.ActiveCfg = Release|Any CPU
		{4925451D-21D2-4BDA-AF8B-95D255B1D03E}.Release|Any CPU.Build.0 = Release|Any CPU
		{6D1226DA-A31B-4DF0-BC20-AE68CABF343F}.Debug|Any CPU.ActiveCfg = Debug|Any CPU
		{6D1226DA-A31B-4DF0-BC20-AE68CABF343F}.Debug|Any CPU.Build.0 = Debug|Any CPU
		{6D1226DA-A31B-4DF0-BC20-AE68CABF343F}.Release|Any CPU.ActiveCfg = Release|Any CPU
		{6D1226DA-A31B-4DF0-BC20-AE68CABF343F}.Release|Any CPU.Build.0 = Release|Any CPU
		{67C9BE03-D271-4C84-B5D6-63419BFE6EE0}.Debug|Any CPU.ActiveCfg = Debug|Any CPU
		{67C9BE03-D271-4C84-B5D6-63419BFE6EE0}.Debug|Any CPU.Build.0 = Debug|Any CPU
		{67C9BE03-D271-4C84-B5D6-63419BFE6EE0}.Release|Any CPU.ActiveCfg = Release|Any CPU
		{67C9BE03-D271-4C84-B5D6-63419BFE6EE0}.Release|Any CPU.Build.0 = Release|Any CPU
		{F3834B5A-E877-4259-8B81-8D66D53A4A7A}.Debug|Any CPU.ActiveCfg = Debug|Any CPU
		{F3834B5A-E877-4259-8B81-8D66D53A4A7A}.Debug|Any CPU.Build.0 = Debug|Any CPU
		{F3834B5A-E877-4259-8B81-8D66D53A4A7A}.Release|Any CPU.ActiveCfg = Release|Any CPU
		{F3834B5A-E877-4259-8B81-8D66D53A4A7A}.Release|Any CPU.Build.0 = Release|Any CPU
		{907F3785-5340-42A8-BCDF-75B5EA711BD6}.Debug|Any CPU.ActiveCfg = Debug|Any CPU
		{907F3785-5340-42A8-BCDF-75B5EA711BD6}.Debug|Any CPU.Build.0 = Debug|Any CPU
		{907F3785-5340-42A8-BCDF-75B5EA711BD6}.Release|Any CPU.ActiveCfg = Release|Any CPU
		{907F3785-5340-42A8-BCDF-75B5EA711BD6}.Release|Any CPU.Build.0 = Release|Any CPU
		{BF24977E-856D-459F-B6ED-13152529C7C6}.Debug|Any CPU.ActiveCfg = Debug|Any CPU
		{BF24977E-856D-459F-B6ED-13152529C7C6}.Debug|Any CPU.Build.0 = Debug|Any CPU
		{BF24977E-856D-459F-B6ED-13152529C7C6}.Release|Any CPU.ActiveCfg = Release|Any CPU
		{BF24977E-856D-459F-B6ED-13152529C7C6}.Release|Any CPU.Build.0 = Release|Any CPU
		{4A4FEB49-D5A1-4325-9052-A08D3ECABF44}.Debug|Any CPU.ActiveCfg = Debug|Any CPU
		{4A4FEB49-D5A1-4325-9052-A08D3ECABF44}.Debug|Any CPU.Build.0 = Debug|Any CPU
		{4A4FEB49-D5A1-4325-9052-A08D3ECABF44}.Debug|Any CPU.Deploy.0 = Debug|Any CPU
		{4A4FEB49-D5A1-4325-9052-A08D3ECABF44}.Release|Any CPU.ActiveCfg = Release|Any CPU
		{4A4FEB49-D5A1-4325-9052-A08D3ECABF44}.Release|Any CPU.Build.0 = Release|Any CPU
		{4A4FEB49-D5A1-4325-9052-A08D3ECABF44}.Release|Any CPU.Deploy.0 = Release|Any CPU
	EndGlobalSection
	GlobalSection(SolutionProperties) = preSolution
		HideSolutionNode = FALSE
	EndGlobalSection
	GlobalSection(NestedProjects) = preSolution
		{EA7AC5B5-4672-42A5-8E06-711E94B91EE2} = {50C65272-2586-4E1D-8A98-97C1CAB92FC8}
		{4925451D-21D2-4BDA-AF8B-95D255B1D03E} = {50C65272-2586-4E1D-8A98-97C1CAB92FC8}
		{6D1226DA-A31B-4DF0-BC20-AE68CABF343F} = {50C65272-2586-4E1D-8A98-97C1CAB92FC8}
		{67C9BE03-D271-4C84-B5D6-63419BFE6EE0} = {50C65272-2586-4E1D-8A98-97C1CAB92FC8}
		{F3834B5A-E877-4259-8B81-8D66D53A4A7A} = {50C65272-2586-4E1D-8A98-97C1CAB92FC8}
		{BF24977E-856D-459F-B6ED-13152529C7C6} = {50C65272-2586-4E1D-8A98-97C1CAB92FC8}
		{4A4FEB49-D5A1-4325-9052-A08D3ECABF44} = {B2F74C85-EBA8-4068-B297-D0D20C2C8511}
	EndGlobalSection
	GlobalSection(ExtensibilityGlobals) = postSolution
		SolutionGuid = {73ED18DB-884B-429F-8A43-2EE74C649B1D}
	EndGlobalSection
EndGlobal
